// !$*UTF8*$!
{
	archiveVersion = 1;
	classes = {
	};
	objectVersion = 55;
	objects = {

/* Begin PBXBuildFile section */
		F814BBEE2D201044005CEA40 /* main.cpp in Sources */ = {isa = PBXBuildFile; fileRef = F814BBED2D201044005CEA40 /* main.cpp */; };
		F814BBFA2D2016C1005CEA40 /* main.cpp in Sources */ = {isa = PBXBuildFile; fileRef = F814BBF92D2016C1005CEA40 /* main.cpp */; };
		F871B7AD2D21348F002E59A5 /* main.cpp in Sources */ = {isa = PBXBuildFile; fileRef = F871B7AC2D21348F002E59A5 /* main.cpp */; };
		F8E50E582CE4A026002468A1 /* main.cpp in Sources */ = {isa = PBXBuildFile; fileRef = F8E50E572CE4A026002468A1 /* main.cpp */; };
/* End PBXBuildFile section */

/* Begin PBXCopyFilesBuildPhase section */
		F814BBE92D201043005CEA40 /* CopyFiles */ = {
			isa = PBXCopyFilesBuildPhase;
			buildActionMask = 2147483647;
			dstPath = /usr/share/man/man1/;
			dstSubfolderSpec = 0;
			files = (
			);
			runOnlyForDeploymentPostprocessing = 1;
		};
		F814BBF52D2016C1005CEA40 /* CopyFiles */ = {
			isa = PBXCopyFilesBuildPhase;
			buildActionMask = 2147483647;
			dstPath = /usr/share/man/man1/;
			dstSubfolderSpec = 0;
			files = (
			);
			runOnlyForDeploymentPostprocessing = 1;
		};
		F871B7A82D21348F002E59A5 /* CopyFiles */ = {
			isa = PBXCopyFilesBuildPhase;
			buildActionMask = 2147483647;
			dstPath = /usr/share/man/man1/;
			dstSubfolderSpec = 0;
			files = (
			);
			runOnlyForDeploymentPostprocessing = 1;
		};
		F8FA46F62CDF750200E796C1 /* CopyFiles */ = {
			isa = PBXCopyFilesBuildPhase;
			buildActionMask = 2147483647;
			dstPath = /usr/share/man/man1/;
			dstSubfolderSpec = 0;
			files = (
			);
			runOnlyForDeploymentPostprocessing = 1;
		};
/* End PBXCopyFilesBuildPhase section */

/* Begin PBXFileReference section */
		F814BBEB2D201043005CEA40 /* main1 */ = {isa = PBXFileReference; explicitFileType = "compiled.mach-o.executable"; includeInIndex = 0; path = main1; sourceTree = BUILT_PRODUCTS_DIR; };
		F814BBED2D201044005CEA40 /* main.cpp */ = {isa = PBXFileReference; lastKnownFileType = sourcecode.cpp.cpp; path = main.cpp; sourceTree = "<group>"; };
		F814BBF72D2016C1005CEA40 /* main2 */ = {isa = PBXFileReference; explicitFileType = "compiled.mach-o.executable"; includeInIndex = 0; path = main2; sourceTree = BUILT_PRODUCTS_DIR; };
		F814BBF92D2016C1005CEA40 /* main.cpp */ = {isa = PBXFileReference; lastKnownFileType = sourcecode.cpp.cpp; path = main.cpp; sourceTree = "<group>"; };
		F871B7AA2D21348F002E59A5 /* main3 */ = {isa = PBXFileReference; explicitFileType = "compiled.mach-o.executable"; includeInIndex = 0; path = main3; sourceTree = BUILT_PRODUCTS_DIR; };
		F871B7AC2D21348F002E59A5 /* main.cpp */ = {isa = PBXFileReference; lastKnownFileType = sourcecode.cpp.cpp; path = main.cpp; sourceTree = "<group>"; };
		F8E50E572CE4A026002468A1 /* main.cpp */ = {isa = PBXFileReference; lastKnownFileType = sourcecode.cpp.cpp; path = main.cpp; sourceTree = "<group>"; };
		F8FA46F82CDF750200E796C1 /* cppSubject */ = {isa = PBXFileReference; explicitFileType = "compiled.mach-o.executable"; includeInIndex = 0; path = cppSubject; sourceTree = BUILT_PRODUCTS_DIR; };
/* End PBXFileReference section */

/* Begin PBXFrameworksBuildPhase section */
		F814BBE82D201043005CEA40 /* Frameworks */ = {
			isa = PBXFrameworksBuildPhase;
			buildActionMask = 2147483647;
			files = (
			);
			runOnlyForDeploymentPostprocessing = 0;
		};
		F814BBF42D2016C1005CEA40 /* Frameworks */ = {
			isa = PBXFrameworksBuildPhase;
			buildActionMask = 2147483647;
			files = (
			);
			runOnlyForDeploymentPostprocessing = 0;
		};
		F871B7A72D21348F002E59A5 /* Frameworks */ = {
			isa = PBXFrameworksBuildPhase;
			buildActionMask = 2147483647;
			files = (
			);
			runOnlyForDeploymentPostprocessing = 0;
		};
		F8FA46F52CDF750200E796C1 /* Frameworks */ = {
			isa = PBXFrameworksBuildPhase;
			buildActionMask = 2147483647;
			files = (
			);
			runOnlyForDeploymentPostprocessing = 0;
		};
/* End PBXFrameworksBuildPhase section */

/* Begin PBXGroup section */
		F814BBEC2D201044005CEA40 /* main1 */ = {
			isa = PBXGroup;
			children = (
				F814BBED2D201044005CEA40 /* main.cpp */,
			);
			path = main1;
			sourceTree = "<group>";
		};
		F814BBF82D2016C1005CEA40 /* main2 */ = {
			isa = PBXGroup;
			children = (
				F814BBF92D2016C1005CEA40 /* main.cpp */,
			);
			path = main2;
			sourceTree = "<group>";
		};
		F871B7AB2D21348F002E59A5 /* main3 */ = {
			isa = PBXGroup;
			children = (
				F871B7AC2D21348F002E59A5 /* main.cpp */,
			);
			path = main3;
			sourceTree = "<group>";
		};
		F8FA46EF2CDF750200E796C1 = {
			isa = PBXGroup;
			children = (
				F8FA46FA2CDF750200E796C1 /* cppSubject */,
				F814BBEC2D201044005CEA40 /* main1 */,
				F814BBF82D2016C1005CEA40 /* main2 */,
				F871B7AB2D21348F002E59A5 /* main3 */,
				F8FA46F92CDF750200E796C1 /* Products */,
			);
			sourceTree = "<group>";
		};
		F8FA46F92CDF750200E796C1 /* Products */ = {
			isa = PBXGroup;
			children = (
				F8FA46F82CDF750200E796C1 /* cppSubject */,
				F814BBEB2D201043005CEA40 /* main1 */,
				F814BBF72D2016C1005CEA40 /* main2 */,
				F871B7AA2D21348F002E59A5 /* main3 */,
			);
			name = Products;
			sourceTree = "<group>";
		};
		F8FA46FA2CDF750200E796C1 /* cppSubject */ = {
			isa = PBXGroup;
			children = (
				F8FA47022CDF75D300E796C1 /* BigIntOperations */,
				F8E50E572CE4A026002468A1 /* main.cpp */,
			);
			path = cppSubject;
			sourceTree = "<group>";
		};
		F8FA47022CDF75D300E796C1 /* BigIntOperations */ = {
			isa = PBXGroup;
			children = (
			);
			path = BigIntOperations;
			sourceTree = "<group>";
		};
/* End PBXGroup section */

/* Begin PBXNativeTarget section */
		F814BBEA2D201043005CEA40 /* main1 */ = {
			isa = PBXNativeTarget;
			buildConfigurationList = F814BBF12D201044005CEA40 /* Build configuration list for PBXNativeTarget "main1" */;
			buildPhases = (
				F814BBE72D201043005CEA40 /* Sources */,
				F814BBE82D201043005CEA40 /* Frameworks */,
				F814BBE92D201043005CEA40 /* CopyFiles */,
			);
			buildRules = (
			);
			dependencies = (
			);
			name = main1;
			productName = main1;
			productReference = F814BBEB2D201043005CEA40 /* main1 */;
			productType = "com.apple.product-type.tool";
		};
		F814BBF62D2016C1005CEA40 /* main2 */ = {
			isa = PBXNativeTarget;
			buildConfigurationList = F814BBFB2D2016C1005CEA40 /* Build configuration list for PBXNativeTarget "main2" */;
			buildPhases = (
				F814BBF32D2016C1005CEA40 /* Sources */,
				F814BBF42D2016C1005CEA40 /* Frameworks */,
				F814BBF52D2016C1005CEA40 /* CopyFiles */,
			);
			buildRules = (
			);
			dependencies = (
			);
			name = main2;
			productName = main2;
			productReference = F814BBF72D2016C1005CEA40 /* main2 */;
			productType = "com.apple.product-type.tool";
		};
		F871B7A92D21348F002E59A5 /* main3 */ = {
			isa = PBXNativeTarget;
			buildConfigurationList = F871B7B02D21348F002E59A5 /* Build configuration list for PBXNativeTarget "main3" */;
			buildPhases = (
				F871B7A62D21348F002E59A5 /* Sources */,
				F871B7A72D21348F002E59A5 /* Frameworks */,
				F871B7A82D21348F002E59A5 /* CopyFiles */,
			);
			buildRules = (
			);
			dependencies = (
			);
			name = main3;
			productName = main3;
			productReference = F871B7AA2D21348F002E59A5 /* main3 */;
			productType = "com.apple.product-type.tool";
		};
		F8FA46F72CDF750200E796C1 /* cppSubject */ = {
			isa = PBXNativeTarget;
			buildConfigurationList = F8FA46FF2CDF750200E796C1 /* Build configuration list for PBXNativeTarget "cppSubject" */;
			buildPhases = (
				F8FA46F42CDF750200E796C1 /* Sources */,
				F8FA46F52CDF750200E796C1 /* Frameworks */,
				F8FA46F62CDF750200E796C1 /* CopyFiles */,
			);
			buildRules = (
			);
			dependencies = (
			);
			name = cppSubject;
			productName = cppSubject;
			productReference = F8FA46F82CDF750200E796C1 /* cppSubject */;
			productType = "com.apple.product-type.tool";
		};
/* End PBXNativeTarget section */

/* Begin PBXProject section */
		F8FA46F02CDF750200E796C1 /* Project object */ = {
			isa = PBXProject;
			attributes = {
				BuildIndependentTargetsInParallel = 1;
				LastUpgradeCheck = 1330;
				TargetAttributes = {
					F814BBEA2D201043005CEA40 = {
						CreatedOnToolsVersion = 13.3;
					};
					F814BBF62D2016C1005CEA40 = {
						CreatedOnToolsVersion = 13.3;
					};
					F871B7A92D21348F002E59A5 = {
						CreatedOnToolsVersion = 13.3;
					};
					F8FA46F72CDF750200E796C1 = {
						CreatedOnToolsVersion = 13.3;
					};
				};
			};
			buildConfigurationList = F8FA46F32CDF750200E796C1 /* Build configuration list for PBXProject "cppSubject" */;
			compatibilityVersion = "Xcode 13.0";
			developmentRegion = en;
			hasScannedForEncodings = 0;
			knownRegions = (
				en,
				Base,
			);
			mainGroup = F8FA46EF2CDF750200E796C1;
			productRefGroup = F8FA46F92CDF750200E796C1 /* Products */;
			projectDirPath = "";
			projectRoot = "";
			targets = (
				F8FA46F72CDF750200E796C1 /* cppSubject */,
				F814BBEA2D201043005CEA40 /* main1 */,
				F814BBF62D2016C1005CEA40 /* main2 */,
				F871B7A92D21348F002E59A5 /* main3 */,
			);
		};
/* End PBXProject section */

/* Begin PBXSourcesBuildPhase section */
		F814BBE72D201043005CEA40 /* Sources */ = {
			isa = PBXSourcesBuildPhase;
			buildActionMask = 2147483647;
			files = (
				F814BBEE2D201044005CEA40 /* main.cpp in Sources */,
			);
			runOnlyForDeploymentPostprocessing = 0;
		};
		F814BBF32D2016C1005CEA40 /* Sources */ = {
			isa = PBXSourcesBuildPhase;
			buildActionMask = 2147483647;
			files = (
				F814BBFA2D2016C1005CEA40 /* main.cpp in Sources */,
			);
			runOnlyForDeploymentPostprocessing = 0;
		};
		F871B7A62D21348F002E59A5 /* Sources */ = {
			isa = PBXSourcesBuildPhase;
			buildActionMask = 2147483647;
			files = (
				F871B7AD2D21348F002E59A5 /* main.cpp in Sources */,
			);
			runOnlyForDeploymentPostprocessing = 0;
		};
		F8FA46F42CDF750200E796C1 /* Sources */ = {
			isa = PBXSourcesBuildPhase;
			buildActionMask = 2147483647;
			files = (
				F8E50E582CE4A026002468A1 /* main.cpp in Sources */,
			);
			runOnlyForDeploymentPostprocessing = 0;
		};
/* End PBXSourcesBuildPhase section */

/* Begin XCBuildConfiguration section */
		F814BBEF2D201044005CEA40 /* Debug */ = {
			isa = XCBuildConfiguration;
			buildSettings = {
				CODE_SIGN_STYLE = Automatic;
				DEVELOPMENT_TEAM = B5C2DGSGVE;
				ENABLE_HARDENED_RUNTIME = YES;
				PRODUCT_NAME = "$(TARGET_NAME)";
			};
			name = Debug;
		};
		F814BBF02D201044005CEA40 /* Release */ = {
			isa = XCBuildConfiguration;
			buildSettings = {
				CODE_SIGN_STYLE = Automatic;
				DEVELOPMENT_TEAM = B5C2DGSGVE;
				ENABLE_HARDENED_RUNTIME = YES;
				PRODUCT_NAME = "$(TARGET_NAME)";
			};
			name = Release;
		};
		F814BBFC2D2016C1005CEA40 /* Debug */ = {
			isa = XCBuildConfiguration;
			buildSettings = {
				CODE_SIGN_STYLE = Automatic;
				DEVELOPMENT_TEAM = B5C2DGSGVE;
				ENABLE_HARDENED_RUNTIME = YES;
				PRODUCT_NAME = "$(TARGET_NAME)";
			};
			name = Debug;
		};
		F814BBFD2D2016C1005CEA40 /* Release */ = {
			isa = XCBuildConfiguration;
			buildSettings = {
				CODE_SIGN_STYLE = Automatic;
				DEVELOPMENT_TEAM = B5C2DGSGVE;
				ENABLE_HARDENED_RUNTIME = YES;
				PRODUCT_NAME = "$(TARGET_NAME)";
			};
			name = Release;
		};
		F871B7AE2D21348F002E59A5 /* Debug */ = {
			isa = XCBuildConfiguration;
			buildSettings = {
				CODE_SIGN_STYLE = Automatic;
				DEVELOPMENT_TEAM = B5C2DGSGVE;
				ENABLE_HARDENED_RUNTIME = YES;
				PRODUCT_NAME = "$(TARGET_NAME)";
			};
			name = Debug;
		};
		F871B7AF2D21348F002E59A5 /* Release */ = {
			isa = XCBuildConfiguration;
			buildSettings = {
				CODE_SIGN_STYLE = Automatic;
				DEVELOPMENT_TEAM = B5C2DGSGVE;
				ENABLE_HARDENED_RUNTIME = YES;
				PRODUCT_NAME = "$(TARGET_NAME)";
			};
			name = Release;
		};
		F8FA46FD2CDF750200E796C1 /* Debug */ = {
			isa = XCBuildConfiguration;
			buildSettings = {
				ALWAYS_SEARCH_USER_PATHS = NO;
				CLANG_ANALYZER_NONNULL = YES;
				CLANG_ANALYZER_NUMBER_OBJECT_CONVERSION = YES_AGGRESSIVE;
				CLANG_CXX_LANGUAGE_STANDARD = "gnu++17";
				CLANG_ENABLE_MODULES = YES;
				CLANG_ENABLE_OBJC_ARC = YES;
				CLANG_ENABLE_OBJC_WEAK = YES;
				CLANG_WARN_BLOCK_CAPTURE_AUTORELEASING = YES;
				CLANG_WARN_BOOL_CONVERSION = YES;
				CLANG_WARN_COMMA = YES;
				CLANG_WARN_CONSTANT_CONVERSION = YES;
				CLANG_WARN_DEPRECATED_OBJC_IMPLEMENTATIONS = YES;
				CLANG_WARN_DIRECT_OBJC_ISA_USAGE = YES_ERROR;
				CLANG_WARN_DOCUMENTATION_COMMENTS = YES;
				CLANG_WARN_EMPTY_BODY = YES;
				CLANG_WARN_ENUM_CONVERSION = YES;
				CLANG_WARN_INFINITE_RECURSION = YES;
				CLANG_WARN_INT_CONVERSION = YES;
				CLANG_WARN_NON_LITERAL_NULL_CONVERSION = YES;
				CLANG_WARN_OBJC_IMPLICIT_RETAIN_SELF = YES;
				CLANG_WARN_OBJC_LITERAL_CONVERSION = YES;
				CLANG_WARN_OBJC_ROOT_CLASS = YES_ERROR;
				CLANG_WARN_QUOTED_INCLUDE_IN_FRAMEWORK_HEADER = YES;
				CLANG_WARN_RANGE_LOOP_ANALYSIS = YES;
				CLANG_WARN_STRICT_PROTOTYPES = YES;
				CLANG_WARN_SUSPICIOUS_MOVE = YES;
				CLANG_WARN_UNGUARDED_AVAILABILITY = YES_AGGRESSIVE;
				CLANG_WARN_UNREACHABLE_CODE = YES;
				CLANG_WARN__DUPLICATE_METHOD_MATCH = YES;
				COPY_PHASE_STRIP = NO;
				DEBUG_INFORMATION_FORMAT = dwarf;
				ENABLE_STRICT_OBJC_MSGSEND = YES;
				ENABLE_TESTABILITY = YES;
				GCC_C_LANGUAGE_STANDARD = gnu11;
				GCC_DYNAMIC_NO_PIC = NO;
				GCC_NO_COMMON_BLOCKS = YES;
				GCC_OPTIMIZATION_LEVEL = 0;
				GCC_PREPROCESSOR_DEFINITIONS = (
					"DEBUG=1",
					"$(inherited)",
				);
				GCC_WARN_64_TO_32_BIT_CONVERSION = YES;
				GCC_WARN_ABOUT_RETURN_TYPE = YES_ERROR;
				GCC_WARN_UNDECLARED_SELECTOR = YES;
				GCC_WARN_UNINITIALIZED_AUTOS = YES_AGGRESSIVE;
				GCC_WARN_UNUSED_FUNCTION = YES;
				GCC_WARN_UNUSED_VARIABLE = YES;
				MACOSX_DEPLOYMENT_TARGET = 12.3;
				MTL_ENABLE_DEBUG_INFO = INCLUDE_SOURCE;
				MTL_FAST_MATH = YES;
				ONLY_ACTIVE_ARCH = YES;
				SDKROOT = macosx;
			};
			name = Debug;
		};
		F8FA46FE2CDF750200E796C1 /* Release */ = {
			isa = XCBuildConfiguration;
			buildSettings = {
				ALWAYS_SEARCH_USER_PATHS = NO;
				CLANG_ANALYZER_NONNULL = YES;
				CLANG_ANALYZER_NUMBER_OBJECT_CONVERSION = YES_AGGRESSIVE;
				CLANG_CXX_LANGUAGE_STANDARD = "gnu++17";
				CLANG_ENABLE_MODULES = YES;
				CLANG_ENABLE_OBJC_ARC = YES;
				CLANG_ENABLE_OBJC_WEAK = YES;
				CLANG_WARN_BLOCK_CAPTURE_AUTORELEASING = YES;
				CLANG_WARN_BOOL_CONVERSION = YES;
				CLANG_WARN_COMMA = YES;
				CLANG_WARN_CONSTANT_CONVERSION = YES;
				CLANG_WARN_DEPRECATED_OBJC_IMPLEMENTATIONS = YES;
				CLANG_WARN_DIRECT_OBJC_ISA_USAGE = YES_ERROR;
				CLANG_WARN_DOCUMENTATION_COMMENTS = YES;
				CLANG_WARN_EMPTY_BODY = YES;
				CLANG_WARN_ENUM_CONVERSION = YES;
				CLANG_WARN_INFINITE_RECURSION = YES;
				CLANG_WARN_INT_CONVERSION = YES;
				CLANG_WARN_NON_LITERAL_NULL_CONVERSION = YES;
				CLANG_WARN_OBJC_IMPLICIT_RETAIN_SELF = YES;
				CLANG_WARN_OBJC_LITERAL_CONVERSION = YES;
				CLANG_WARN_OBJC_ROOT_CLASS = YES_ERROR;
				CLANG_WARN_QUOTED_INCLUDE_IN_FRAMEWORK_HEADER = YES;
				CLANG_WARN_RANGE_LOOP_ANALYSIS = YES;
				CLANG_WARN_STRICT_PROTOTYPES = YES;
				CLANG_WARN_SUSPICIOUS_MOVE = YES;
				CLANG_WARN_UNGUARDED_AVAILABILITY = YES_AGGRESSIVE;
				CLANG_WARN_UNREACHABLE_CODE = YES;
				CLANG_WARN__DUPLICATE_METHOD_MATCH = YES;
				COPY_PHASE_STRIP = NO;
				DEBUG_INFORMATION_FORMAT = "dwarf-with-dsym";
				ENABLE_NS_ASSERTIONS = NO;
				ENABLE_STRICT_OBJC_MSGSEND = YES;
				GCC_C_LANGUAGE_STANDARD = gnu11;
				GCC_NO_COMMON_BLOCKS = YES;
				GCC_WARN_64_TO_32_BIT_CONVERSION = YES;
				GCC_WARN_ABOUT_RETURN_TYPE = YES_ERROR;
				GCC_WARN_UNDECLARED_SELECTOR = YES;
				GCC_WARN_UNINITIALIZED_AUTOS = YES_AGGRESSIVE;
				GCC_WARN_UNUSED_FUNCTION = YES;
				GCC_WARN_UNUSED_VARIABLE = YES;
				MACOSX_DEPLOYMENT_TARGET = 12.3;
				MTL_ENABLE_DEBUG_INFO = NO;
				MTL_FAST_MATH = YES;
				SDKROOT = macosx;
			};
			name = Release;
		};
		F8FA47002CDF750200E796C1 /* Debug */ = {
			isa = XCBuildConfiguration;
			buildSettings = {
				CODE_SIGN_STYLE = Automatic;
				DEVELOPMENT_TEAM = B5C2DGSGVE;
				ENABLE_HARDENED_RUNTIME = YES;
				PRODUCT_NAME = "$(TARGET_NAME)";
			};
			name = Debug;
		};
		F8FA47012CDF750200E796C1 /* Release */ = {
			isa = XCBuildConfiguration;
			buildSettings = {
				CODE_SIGN_STYLE = Automatic;
				DEVELOPMENT_TEAM = B5C2DGSGVE;
				ENABLE_HARDENED_RUNTIME = YES;
				PRODUCT_NAME = "$(TARGET_NAME)";
			};
			name = Release;
		};
/* End XCBuildConfiguration section */

/* Begin XCConfigurationList section */
		F814BBF12D201044005CEA40 /* Build configuration list for PBXNativeTarget "main1" */ = {
			isa = XCConfigurationList;
			buildConfigurations = (
				F814BBEF2D201044005CEA40 /* Debug */,
				F814BBF02D201044005CEA40 /* Release */,
			);
			defaultConfigurationIsVisible = 0;
			defaultConfigurationName = Release;
		};
		F814BBFB2D2016C1005CEA40 /* Build configuration list for PBXNativeTarget "main2" */ = {
			isa = XCConfigurationList;
			buildConfigurations = (
				F814BBFC2D2016C1005CEA40 /* Debug */,
				F814BBFD2D2016C1005CEA40 /* Release */,
			);
			defaultConfigurationIsVisible = 0;
			defaultConfigurationName = Release;
		};
		F871B7B02D21348F002E59A5 /* Build configuration list for PBXNativeTarget "main3" */ = {
			isa = XCConfigurationList;
			buildConfigurations = (
				F871B7AE2D21348F002E59A5 /* Debug */,
				F871B7AF2D21348F002E59A5 /* Release */,
			);
			defaultConfigurationIsVisible = 0;
			defaultConfigurationName = Release;
		};
		F8FA46F32CDF750200E796C1 /* Build configuration list for PBXProject "cppSubject" */ = {
			isa = XCConfigurationList;
			buildConfigurations = (
				F8FA46FD2CDF750200E796C1 /* Debug */,
				F8FA46FE2CDF750200E796C1 /* Release */,
			);
			defaultConfigurationIsVisible = 0;
			defaultConfigurationName = Release;
		};
		F8FA46FF2CDF750200E796C1 /* Build configuration list for PBXNativeTarget "cppSubject" */ = {
			isa = XCConfigurationList;
			buildConfigurations = (
				F8FA47002CDF750200E796C1 /* Debug */,
				F8FA47012CDF750200E796C1 /* Release */,
			);
			defaultConfigurationIsVisible = 0;
			defaultConfigurationName = Release;
		};
/* End XCConfigurationList section */
	};
	rootObject = F8FA46F02CDF750200E796C1 /* Project object */;
}
