// !$*UTF8*$!
{
	archiveVersion = 1;
	classes = {
	};
	objectVersion = 55;
	objects = {

/* Begin PBXBuildFile section */
		F814BBEE2D201044005CEA40 /* main.cpp in Sources */ = {isa = PBXBuildFile; fileRef = F814BBED2D201044005CEA40 /* main.cpp */; };
		F814BBFA2D2016C1005CEA40 /* main.cpp in Sources */ = {isa = PBXBuildFile; fileRef = F814BBF92D2016C1005CEA40 /* main.cpp */; };
		F83B7CFD2D23891B006B32AC /* main.cpp in Sources */ = {isa = PBXBuildFile; fileRef = F83B7CFC2D23891B006B32AC /* main.cpp */; };
		F83B7D082D2571FD006B32AC /* main.cpp in Sources */ = {isa = PBXBuildFile; fileRef = F83B7D072D2571FD006B32AC /* main.cpp */; };
		F862BB362D28107F00316565 /* main.cpp in Sources */ = {isa = PBXBuildFile; fileRef = F862BB352D28107F00316565 /* main.cpp */; };
		F871B7AD2D21348F002E59A5 /* main.cpp in Sources */ = {isa = PBXBuildFile; fileRef = F871B7AC2D21348F002E59A5 /* main.cpp */; };
		F871B7B82D2140E2002E59A5 /* main.cpp in Sources */ = {isa = PBXBuildFile; fileRef = F871B7B72D2140E2002E59A5 /* main.cpp */; };
		F89C48F52D2BF08A00B95ACE /* main.cpp in Sources */ = {isa = PBXBuildFile; fileRef = F89C48F42D2BF08A00B95ACE /* main.cpp */; };
		F89EFDF42D28D67A009A3DF7 /* main.cpp in Sources */ = {isa = PBXBuildFile; fileRef = F89EFDF32D28D67A009A3DF7 /* main.cpp */; };
		F89EFDFF2D2AA887009A3DF7 /* main.cpp in Sources */ = {isa = PBXBuildFile; fileRef = F89EFDFE2D2AA887009A3DF7 /* main.cpp */; };
		F8E50E582CE4A026002468A1 /* main.cpp in Sources */ = {isa = PBXBuildFile; fileRef = F8E50E572CE4A026002468A1 /* main.cpp */; };
/* End PBXBuildFile section */

/* Begin PBXCopyFilesBuildPhase section */
		F814BBE92D201043005CEA40 /* CopyFiles */ = {
			isa = PBXCopyFilesBuildPhase;
			buildActionMask = 2147483647;
			dstPath = /usr/share/man/man1/;
			dstSubfolderSpec = 0;
			files = (
			);
			runOnlyForDeploymentPostprocessing = 1;
		};
		F814BBF52D2016C1005CEA40 /* CopyFiles */ = {
			isa = PBXCopyFilesBuildPhase;
			buildActionMask = 2147483647;
			dstPath = /usr/share/man/man1/;
			dstSubfolderSpec = 0;
			files = (
			);
			runOnlyForDeploymentPostprocessing = 1;
		};
		F83B7CF82D23891B006B32AC /* CopyFiles */ = {
			isa = PBXCopyFilesBuildPhase;
			buildActionMask = 2147483647;
			dstPath = /usr/share/man/man1/;
			dstSubfolderSpec = 0;
			files = (
			);
			runOnlyForDeploymentPostprocessing = 1;
		};
		F83B7D032D2571FC006B32AC /* CopyFiles */ = {
			isa = PBXCopyFilesBuildPhase;
			buildActionMask = 2147483647;
			dstPath = /usr/share/man/man1/;
			dstSubfolderSpec = 0;
			files = (
			);
			runOnlyForDeploymentPostprocessing = 1;
		};
		F862BB312D28107F00316565 /* CopyFiles */ = {
			isa = PBXCopyFilesBuildPhase;
			buildActionMask = 2147483647;
			dstPath = /usr/share/man/man1/;
			dstSubfolderSpec = 0;
			files = (
			);
			runOnlyForDeploymentPostprocessing = 1;
		};
		F871B7A82D21348F002E59A5 /* CopyFiles */ = {
			isa = PBXCopyFilesBuildPhase;
			buildActionMask = 2147483647;
			dstPath = /usr/share/man/man1/;
			dstSubfolderSpec = 0;
			files = (
			);
			runOnlyForDeploymentPostprocessing = 1;
		};
		F871B7B32D2140E2002E59A5 /* CopyFiles */ = {
			isa = PBXCopyFilesBuildPhase;
			buildActionMask = 2147483647;
			dstPath = /usr/share/man/man1/;
			dstSubfolderSpec = 0;
			files = (
			);
			runOnlyForDeploymentPostprocessing = 1;
		};
		F89C48F02D2BF08A00B95ACE /* CopyFiles */ = {
			isa = PBXCopyFilesBuildPhase;
			buildActionMask = 2147483647;
			dstPath = /usr/share/man/man1/;
			dstSubfolderSpec = 0;
			files = (
			);
			runOnlyForDeploymentPostprocessing = 1;
		};
		F89EFDEF2D28D67A009A3DF7 /* CopyFiles */ = {
			isa = PBXCopyFilesBuildPhase;
			buildActionMask = 2147483647;
			dstPath = /usr/share/man/man1/;
			dstSubfolderSpec = 0;
			files = (
			);
			runOnlyForDeploymentPostprocessing = 1;
		};
		F89EFDFA2D2AA886009A3DF7 /* CopyFiles */ = {
			isa = PBXCopyFilesBuildPhase;
			buildActionMask = 2147483647;
			dstPath = /usr/share/man/man1/;
			dstSubfolderSpec = 0;
			files = (
			);
			runOnlyForDeploymentPostprocessing = 1;
		};
		F8FA46F62CDF750200E796C1 /* CopyFiles */ = {
			isa = PBXCopyFilesBuildPhase;
			buildActionMask = 2147483647;
			dstPath = /usr/share/man/man1/;
			dstSubfolderSpec = 0;
			files = (
			);
			runOnlyForDeploymentPostprocessing = 1;
		};
/* End PBXCopyFilesBuildPhase section */

/* Begin PBXFileReference section */
		F814BBEB2D201043005CEA40 /* main1 */ = {isa = PBXFileReference; explicitFileType = "compiled.mach-o.executable"; includeInIndex = 0; path = main1; sourceTree = BUILT_PRODUCTS_DIR; };
		F814BBED2D201044005CEA40 /* main.cpp */ = {isa = PBXFileReference; lastKnownFileType = sourcecode.cpp.cpp; path = main.cpp; sourceTree = "<group>"; };
		F814BBF72D2016C1005CEA40 /* main2 */ = {isa = PBXFileReference; explicitFileType = "compiled.mach-o.executable"; includeInIndex = 0; path = main2; sourceTree = BUILT_PRODUCTS_DIR; };
		F814BBF92D2016C1005CEA40 /* main.cpp */ = {isa = PBXFileReference; lastKnownFileType = sourcecode.cpp.cpp; path = main.cpp; sourceTree = "<group>"; };
		F83B7CFA2D23891B006B32AC /* sort */ = {isa = PBXFileReference; explicitFileType = "compiled.mach-o.executable"; includeInIndex = 0; path = sort; sourceTree = BUILT_PRODUCTS_DIR; };
		F83B7CFC2D23891B006B32AC /* main.cpp */ = {isa = PBXFileReference; lastKnownFileType = sourcecode.cpp.cpp; path = main.cpp; sourceTree = "<group>"; };
		F83B7D052D2571FC006B32AC /* student */ = {isa = PBXFileReference; explicitFileType = "compiled.mach-o.executable"; includeInIndex = 0; path = student; sourceTree = BUILT_PRODUCTS_DIR; };
		F83B7D072D2571FD006B32AC /* main.cpp */ = {isa = PBXFileReference; lastKnownFileType = sourcecode.cpp.cpp; path = main.cpp; sourceTree = "<group>"; };
		F862BB332D28107F00316565 /* linklist */ = {isa = PBXFileReference; explicitFileType = "compiled.mach-o.executable"; includeInIndex = 0; path = linklist; sourceTree = BUILT_PRODUCTS_DIR; };
		F862BB352D28107F00316565 /* main.cpp */ = {isa = PBXFileReference; lastKnownFileType = sourcecode.cpp.cpp; path = main.cpp; sourceTree = "<group>"; };
		F871B7AA2D21348F002E59A5 /* main3 */ = {isa = PBXFileReference; explicitFileType = "compiled.mach-o.executable"; includeInIndex = 0; path = main3; sourceTree = BUILT_PRODUCTS_DIR; };
		F871B7AC2D21348F002E59A5 /* main.cpp */ = {isa = PBXFileReference; lastKnownFileType = sourcecode.cpp.cpp; path = main.cpp; sourceTree = "<group>"; };
		F871B7B52D2140E2002E59A5 /* main4 */ = {isa = PBXFileReference; explicitFileType = "compiled.mach-o.executable"; includeInIndex = 0; path = main4; sourceTree = BUILT_PRODUCTS_DIR; };
		F871B7B72D2140E2002E59A5 /* main.cpp */ = {isa = PBXFileReference; lastKnownFileType = sourcecode.cpp.cpp; path = main.cpp; sourceTree = "<group>"; };
		F89C48F22D2BF08A00B95ACE /* circleLink */ = {isa = PBXFileReference; explicitFileType = "compiled.mach-o.executable"; includeInIndex = 0; path = circleLink; sourceTree = BUILT_PRODUCTS_DIR; };
		F89C48F42D2BF08A00B95ACE /* main.cpp */ = {isa = PBXFileReference; lastKnownFileType = sourcecode.cpp.cpp; path = main.cpp; sourceTree = "<group>"; };
		F89EFDF12D28D67A009A3DF7 /* doublelink */ = {isa = PBXFileReference; explicitFileType = "compiled.mach-o.executable"; includeInIndex = 0; path = doublelink; sourceTree = BUILT_PRODUCTS_DIR; };
		F89EFDF32D28D67A009A3DF7 /* main.cpp */ = {isa = PBXFileReference; lastKnownFileType = sourcecode.cpp.cpp; path = main.cpp; sourceTree = "<group>"; };
		F89EFDFC2D2AA886009A3DF7 /* linkMerge */ = {isa = PBXFileReference; explicitFileType = "compiled.mach-o.executable"; includeInIndex = 0; path = linkMerge; sourceTree = BUILT_PRODUCTS_DIR; };
		F89EFDFE2D2AA887009A3DF7 /* main.cpp */ = {isa = PBXFileReference; lastKnownFileType = sourcecode.cpp.cpp; path = main.cpp; sourceTree = "<group>"; };
		F8E50E572CE4A026002468A1 /* main.cpp */ = {isa = PBXFileReference; lastKnownFileType = sourcecode.cpp.cpp; path = main.cpp; sourceTree = "<group>"; };
		F8FA46F82CDF750200E796C1 /* cppSubject */ = {isa = PBXFileReference; explicitFileType = "compiled.mach-o.executable"; includeInIndex = 0; path = cppSubject; sourceTree = BUILT_PRODUCTS_DIR; };
/* End PBXFileReference section */

/* Begin PBXFrameworksBuildPhase section */
		F814BBE82D201043005CEA40 /* Frameworks */ = {
			isa = PBXFrameworksBuildPhase;
			buildActionMask = 2147483647;
			files = (
			);
			runOnlyForDeploymentPostprocessing = 0;
		};
		F814BBF42D2016C1005CEA40 /* Frameworks */ = {
			isa = PBXFrameworksBuildPhase;
			buildActionMask = 2147483647;
			files = (
			);
			runOnlyForDeploymentPostprocessing = 0;
		};
		F83B7CF72D23891B006B32AC /* Frameworks */ = {
			isa = PBXFrameworksBuildPhase;
			buildActionMask = 2147483647;
			files = (
			);
			runOnlyForDeploymentPostprocessing = 0;
		};
		F83B7D022D2571FC006B32AC /* Frameworks */ = {
			isa = PBXFrameworksBuildPhase;
			buildActionMask = 2147483647;
			files = (
			);
			runOnlyForDeploymentPostprocessing = 0;
		};
		F862BB302D28107F00316565 /* Frameworks */ = {
			isa = PBXFrameworksBuildPhase;
			buildActionMask = 2147483647;
			files = (
			);
			runOnlyForDeploymentPostprocessing = 0;
		};
		F871B7A72D21348F002E59A5 /* Frameworks */ = {
			isa = PBXFrameworksBuildPhase;
			buildActionMask = 2147483647;
			files = (
			);
			runOnlyForDeploymentPostprocessing = 0;
		};
		F871B7B22D2140E2002E59A5 /* Frameworks */ = {
			isa = PBXFrameworksBuildPhase;
			buildActionMask = 2147483647;
			files = (
			);
			runOnlyForDeploymentPostprocessing = 0;
		};
		F89C48EF2D2BF08A00B95ACE /* Frameworks */ = {
			isa = PBXFrameworksBuildPhase;
			buildActionMask = 2147483647;
			files = (
			);
			runOnlyForDeploymentPostprocessing = 0;
		};
		F89EFDEE2D28D67A009A3DF7 /* Frameworks */ = {
			isa = PBXFrameworksBuildPhase;
			buildActionMask = 2147483647;
			files = (
			);
			runOnlyForDeploymentPostprocessing = 0;
		};
		F89EFDF92D2AA886009A3DF7 /* Frameworks */ = {
			isa = PBXFrameworksBuildPhase;
			buildActionMask = 2147483647;
			files = (
			);
			runOnlyForDeploymentPostprocessing = 0;
		};
		F8FA46F52CDF750200E796C1 /* Frameworks */ = {
			isa = PBXFrameworksBuildPhase;
			buildActionMask = 2147483647;
			files = (
			);
			runOnlyForDeploymentPostprocessing = 0;
		};
/* End PBXFrameworksBuildPhase section */

/* Begin PBXGroup section */
		F814BBEC2D201044005CEA40 /* main1 */ = {
			isa = PBXGroup;
			children = (
				F814BBED2D201044005CEA40 /* main.cpp */,
			);
			path = main1;
			sourceTree = "<group>";
		};
		F814BBF82D2016C1005CEA40 /* main2 */ = {
			isa = PBXGroup;
			children = (
				F814BBF92D2016C1005CEA40 /* main.cpp */,
			);
			path = main2;
			sourceTree = "<group>";
		};
		F83B7CFB2D23891B006B32AC /* sort */ = {
			isa = PBXGroup;
			children = (
				F83B7CFC2D23891B006B32AC /* main.cpp */,
			);
			path = sort;
			sourceTree = "<group>";
		};
		F83B7D062D2571FD006B32AC /* student */ = {
			isa = PBXGroup;
			children = (
				F83B7D072D2571FD006B32AC /* main.cpp */,
			);
			path = student;
			sourceTree = "<group>";
		};
		F862BB342D28107F00316565 /* linklist */ = {
			isa = PBXGroup;
			children = (
				F862BB352D28107F00316565 /* main.cpp */,
			);
			path = linklist;
			sourceTree = "<group>";
		};
		F871B7AB2D21348F002E59A5 /* main3 */ = {
			isa = PBXGroup;
			children = (
				F871B7AC2D21348F002E59A5 /* main.cpp */,
			);
			path = main3;
			sourceTree = "<group>";
		};
		F871B7B62D2140E2002E59A5 /* main4 */ = {
			isa = PBXGroup;
			children = (
				F871B7B72D2140E2002E59A5 /* main.cpp */,
			);
			path = main4;
			sourceTree = "<group>";
		};
		F89C48F32D2BF08A00B95ACE /* circleLink */ = {
			isa = PBXGroup;
			children = (
				F89C48F42D2BF08A00B95ACE /* main.cpp */,
			);
			path = circleLink;
			sourceTree = "<group>";
		};
		F89EFDF22D28D67A009A3DF7 /* doublelink */ = {
			isa = PBXGroup;
			children = (
				F89EFDF32D28D67A009A3DF7 /* main.cpp */,
			);
			path = doublelink;
			sourceTree = "<group>";
		};
		F89EFDFD2D2AA886009A3DF7 /* linkMerge */ = {
			isa = PBXGroup;
			children = (
				F89EFDFE2D2AA887009A3DF7 /* main.cpp */,
			);
			path = linkMerge;
			sourceTree = "<group>";
		};
		F8FA46EF2CDF750200E796C1 = {
			isa = PBXGroup;
			children = (
				F8FA46FA2CDF750200E796C1 /* cppSubject */,
				F814BBEC2D201044005CEA40 /* main1 */,
				F814BBF82D2016C1005CEA40 /* main2 */,
				F871B7AB2D21348F002E59A5 /* main3 */,
				F871B7B62D2140E2002E59A5 /* main4 */,
				F83B7CFB2D23891B006B32AC /* sort */,
				F83B7D062D2571FD006B32AC /* student */,
				F862BB342D28107F00316565 /* linklist */,
				F89EFDF22D28D67A009A3DF7 /* doublelink */,
				F89EFDFD2D2AA886009A3DF7 /* linkMerge */,
				F89C48F32D2BF08A00B95ACE /* circleLink */,
				F8FA46F92CDF750200E796C1 /* Products */,
			);
			sourceTree = "<group>";
		};
		F8FA46F92CDF750200E796C1 /* Products */ = {
			isa = PBXGroup;
			children = (
				F8FA46F82CDF750200E796C1 /* cppSubject */,
				F814BBEB2D201043005CEA40 /* main1 */,
				F814BBF72D2016C1005CEA40 /* main2 */,
				F871B7AA2D21348F002E59A5 /* main3 */,
				F871B7B52D2140E2002E59A5 /* main4 */,
				F83B7CFA2D23891B006B32AC /* sort */,
				F83B7D052D2571FC006B32AC /* student */,
				F862BB332D28107F00316565 /* linklist */,
				F89EFDF12D28D67A009A3DF7 /* doublelink */,
				F89EFDFC2D2AA886009A3DF7 /* linkMerge */,
				F89C48F22D2BF08A00B95ACE /* circleLink */,
			);
			name = Products;
			sourceTree = "<group>";
		};
		F8FA46FA2CDF750200E796C1 /* cppSubject */ = {
			isa = PBXGroup;
			children = (
				F8FA47022CDF75D300E796C1 /* BigIntOperations */,
				F8E50E572CE4A026002468A1 /* main.cpp */,
			);
			path = cppSubject;
			sourceTree = "<group>";
		};
		F8FA47022CDF75D300E796C1 /* BigIntOperations */ = {
			isa = PBXGroup;
			children = (
			);
			path = BigIntOperations;
			sourceTree = "<group>";
		};
/* End PBXGroup section */

/* Begin PBXNativeTarget section */
		F814BBEA2D201043005CEA40 /* main1 */ = {
			isa = PBXNativeTarget;
			buildConfigurationList = F814BBF12D201044005CEA40 /* Build configuration list for PBXNativeTarget "main1" */;
			buildPhases = (
				F814BBE72D201043005CEA40 /* Sources */,
				F814BBE82D201043005CEA40 /* Frameworks */,
				F814BBE92D201043005CEA40 /* CopyFiles */,
			);
			buildRules = (
			);
			dependencies = (
			);
			name = main1;
			productName = main1;
			productReference = F814BBEB2D201043005CEA40 /* main1 */;
			productType = "com.apple.product-type.tool";
		};
		F814BBF62D2016C1005CEA40 /* main2 */ = {
			isa = PBXNativeTarget;
			buildConfigurationList = F814BBFB2D2016C1005CEA40 /* Build configuration list for PBXNativeTarget "main2" */;
			buildPhases = (
				F814BBF32D2016C1005CEA40 /* Sources */,
				F814BBF42D2016C1005CEA40 /* Frameworks */,
				F814BBF52D2016C1005CEA40 /* CopyFiles */,
			);
			buildRules = (
			);
			dependencies = (
			);
			name = main2;
			productName = main2;
			productReference = F814BBF72D2016C1005CEA40 /* main2 */;
			productType = "com.apple.product-type.tool";
		};
		F83B7CF92D23891B006B32AC /* sort */ = {
			isa = PBXNativeTarget;
			buildConfigurationList = F83B7D002D23891B006B32AC /* Build configuration list for PBXNativeTarget "sort" */;
			buildPhases = (
				F83B7CF62D23891B006B32AC /* Sources */,
				F83B7CF72D23891B006B32AC /* Frameworks */,
				F83B7CF82D23891B006B32AC /* CopyFiles */,
			);
			buildRules = (
			);
			dependencies = (
			);
			name = sort;
			productName = sort;
			productReference = F83B7CFA2D23891B006B32AC /* sort */;
			productType = "com.apple.product-type.tool";
		};
		F83B7D042D2571FC006B32AC /* student */ = {
			isa = PBXNativeTarget;
			buildConfigurationList = F83B7D092D2571FD006B32AC /* Build configuration list for PBXNativeTarget "student" */;
			buildPhases = (
				F83B7D012D2571FC006B32AC /* Sources */,
				F83B7D022D2571FC006B32AC /* Frameworks */,
				F83B7D032D2571FC006B32AC /* CopyFiles */,
			);
			buildRules = (
			);
			dependencies = (
			);
			name = student;
			productName = student;
			productReference = F83B7D052D2571FC006B32AC /* student */;
			productType = "com.apple.product-type.tool";
		};
		F862BB322D28107F00316565 /* linklist */ = {
			isa = PBXNativeTarget;
			buildConfigurationList = F862BB392D28107F00316565 /* Build configuration list for PBXNativeTarget "linklist" */;
			buildPhases = (
				F862BB2F2D28107F00316565 /* Sources */,
				F862BB302D28107F00316565 /* Frameworks */,
				F862BB312D28107F00316565 /* CopyFiles */,
			);
			buildRules = (
			);
			dependencies = (
			);
			name = linklist;
			productName = linklist;
			productReference = F862BB332D28107F00316565 /* linklist */;
			productType = "com.apple.product-type.tool";
		};
		F871B7A92D21348F002E59A5 /* main3 */ = {
			isa = PBXNativeTarget;
			buildConfigurationList = F871B7B02D21348F002E59A5 /* Build configuration list for PBXNativeTarget "main3" */;
			buildPhases = (
				F871B7A62D21348F002E59A5 /* Sources */,
				F871B7A72D21348F002E59A5 /* Frameworks */,
				F871B7A82D21348F002E59A5 /* CopyFiles */,
			);
			buildRules = (
			);
			dependencies = (
			);
			name = main3;
			productName = main3;
			productReference = F871B7AA2D21348F002E59A5 /* main3 */;
			productType = "com.apple.product-type.tool";
		};
		F871B7B42D2140E2002E59A5 /* main4 */ = {
			isa = PBXNativeTarget;
			buildConfigurationList = F871B7B92D2140E2002E59A5 /* Build configuration list for PBXNativeTarget "main4" */;
			buildPhases = (
				F871B7B12D2140E2002E59A5 /* Sources */,
				F871B7B22D2140E2002E59A5 /* Frameworks */,
				F871B7B32D2140E2002E59A5 /* CopyFiles */,
			);
			buildRules = (
			);
			dependencies = (
			);
			name = main4;
			productName = main4;
			productReference = F871B7B52D2140E2002E59A5 /* main4 */;
			productType = "com.apple.product-type.tool";
		};
		F89C48F12D2BF08A00B95ACE /* circleLink */ = {
			isa = PBXNativeTarget;
			buildConfigurationList = F89C48F82D2BF08A00B95ACE /* Build configuration list for PBXNativeTarget "circleLink" */;
			buildPhases = (
				F89C48EE2D2BF08A00B95ACE /* Sources */,
				F89C48EF2D2BF08A00B95ACE /* Frameworks */,
				F89C48F02D2BF08A00B95ACE /* CopyFiles */,
			);
			buildRules = (
			);
			dependencies = (
			);
			name = circleLink;
			productName = circleLink;
			productReference = F89C48F22D2BF08A00B95ACE /* circleLink */;
			productType = "com.apple.product-type.tool";
		};
		F89EFDF02D28D67A009A3DF7 /* doublelink */ = {
			isa = PBXNativeTarget;
			buildConfigurationList = F89EFDF72D28D67A009A3DF7 /* Build configuration list for PBXNativeTarget "doublelink" */;
			buildPhases = (
				F89EFDED2D28D67A009A3DF7 /* Sources */,
				F89EFDEE2D28D67A009A3DF7 /* Frameworks */,
				F89EFDEF2D28D67A009A3DF7 /* CopyFiles */,
			);
			buildRules = (
			);
			dependencies = (
			);
			name = doublelink;
			productName = doublelink;
			productReference = F89EFDF12D28D67A009A3DF7 /* doublelink */;
			productType = "com.apple.product-type.tool";
		};
		F89EFDFB2D2AA886009A3DF7 /* linkMerge */ = {
			isa = PBXNativeTarget;
			buildConfigurationList = F89EFE002D2AA887009A3DF7 /* Build configuration list for PBXNativeTarget "linkMerge" */;
			buildPhases = (
				F89EFDF82D2AA886009A3DF7 /* Sources */,
				F89EFDF92D2AA886009A3DF7 /* Frameworks */,
				F89EFDFA2D2AA886009A3DF7 /* CopyFiles */,
			);
			buildRules = (
			);
			dependencies = (
			);
			name = linkMerge;
			productName = linkMerge;
			productReference = F89EFDFC2D2AA886009A3DF7 /* linkMerge */;
			productType = "com.apple.product-type.tool";
		};
		F8FA46F72CDF750200E796C1 /* cppSubject */ = {
			isa = PBXNativeTarget;
			buildConfigurationList = F8FA46FF2CDF750200E796C1 /* Build configuration list for PBXNativeTarget "cppSubject" */;
			buildPhases = (
				F8FA46F42CDF750200E796C1 /* Sources */,
				F8FA46F52CDF750200E796C1 /* Frameworks */,
				F8FA46F62CDF750200E796C1 /* CopyFiles */,
			);
			buildRules = (
			);
			dependencies = (
			);
			name = cppSubject;
			productName = cppSubject;
			productReference = F8FA46F82CDF750200E796C1 /* cppSubject */;
			productType = "com.apple.product-type.tool";
		};
/* End PBXNativeTarget section */

/* Begin PBXProject section */
		F8FA46F02CDF750200E796C1 /* Project object */ = {
			isa = PBXProject;
			attributes = {
				BuildIndependentTargetsInParallel = 1;
				LastUpgradeCheck = 1330;
				TargetAttributes = {
					F814BBEA2D201043005CEA40 = {
						CreatedOnToolsVersion = 13.3;
					};
					F814BBF62D2016C1005CEA40 = {
						CreatedOnToolsVersion = 13.3;
					};
					F83B7CF92D23891B006B32AC = {
						CreatedOnToolsVersion = 13.3;
					};
					F83B7D042D2571FC006B32AC = {
						CreatedOnToolsVersion = 13.3;
					};
					F862BB322D28107F00316565 = {
						CreatedOnToolsVersion = 13.3;
					};
					F871B7A92D21348F002E59A5 = {
						CreatedOnToolsVersion = 13.3;
					};
					F871B7B42D2140E2002E59A5 = {
						CreatedOnToolsVersion = 13.3;
					};
					F89C48F12D2BF08A00B95ACE = {
						CreatedOnToolsVersion = 13.3;
					};
					F89EFDF02D28D67A009A3DF7 = {
						CreatedOnToolsVersion = 13.3;
					};
					F89EFDFB2D2AA886009A3DF7 = {
						CreatedOnToolsVersion = 13.3;
					};
					F8FA46F72CDF750200E796C1 = {
						CreatedOnToolsVersion = 13.3;
					};
				};
			};
			buildConfigurationList = F8FA46F32CDF750200E796C1 /* Build configuration list for PBXProject "cppSubject" */;
			compatibilityVersion = "Xcode 13.0";
			developmentRegion = en;
			hasScannedForEncodings = 0;
			knownRegions = (
				en,
				Base,
			);
			mainGroup = F8FA46EF2CDF750200E796C1;
			productRefGroup = F8FA46F92CDF750200E796C1 /* Products */;
			projectDirPath = "";
			projectRoot = "";
			targets = (
				F8FA46F72CDF750200E796C1 /* cppSubject */,
				F814BBEA2D201043005CEA40 /* main1 */,
				F814BBF62D2016C1005CEA40 /* main2 */,
				F871B7A92D21348F002E59A5 /* main3 */,
				F871B7B42D2140E2002E59A5 /* main4 */,
				F83B7CF92D23891B006B32AC /* sort */,
				F83B7D042D2571FC006B32AC /* student */,
				F862BB322D28107F00316565 /* linklist */,
				F89EFDF02D28D67A009A3DF7 /* doublelink */,
				F89EFDFB2D2AA886009A3DF7 /* linkMerge */,
				F89C48F12D2BF08A00B95ACE /* circleLink */,
			);
		};
/* End PBXProject section */

/* Begin PBXSourcesBuildPhase section */
		F814BBE72D201043005CEA40 /* Sources */ = {
			isa = PBXSourcesBuildPhase;
			buildActionMask = 2147483647;
			files = (
				F814BBEE2D201044005CEA40 /* main.cpp in Sources */,
			);
			runOnlyForDeploymentPostprocessing = 0;
		};
		F814BBF32D2016C1005CEA40 /* Sources */ = {
			isa = PBXSourcesBuildPhase;
			buildActionMask = 2147483647;
			files = (
				F814BBFA2D2016C1005CEA40 /* main.cpp in Sources */,
			);
			runOnlyForDeploymentPostprocessing = 0;
		};
		F83B7CF62D23891B006B32AC /* Sources */ = {
			isa = PBXSourcesBuildPhase;
			buildActionMask = 2147483647;
			files = (
				F83B7CFD2D23891B006B32AC /* main.cpp in Sources */,
			);
			runOnlyForDeploymentPostprocessing = 0;
		};
		F83B7D012D2571FC006B32AC /* Sources */ = {
			isa = PBXSourcesBuildPhase;
			buildActionMask = 2147483647;
			files = (
				F83B7D082D2571FD006B32AC /* main.cpp in Sources */,
			);
			runOnlyForDeploymentPostprocessing = 0;
		};
		F862BB2F2D28107F00316565 /* Sources */ = {
			isa = PBXSourcesBuildPhase;
			buildActionMask = 2147483647;
			files = (
				F862BB362D28107F00316565 /* main.cpp in Sources */,
			);
			runOnlyForDeploymentPostprocessing = 0;
		};
		F871B7A62D21348F002E59A5 /* Sources */ = {
			isa = PBXSourcesBuildPhase;
			buildActionMask = 2147483647;
			files = (
				F871B7AD2D21348F002E59A5 /* main.cpp in Sources */,
			);
			runOnlyForDeploymentPostprocessing = 0;
		};
		F871B7B12D2140E2002E59A5 /* Sources */ = {
			isa = PBXSourcesBuildPhase;
			buildActionMask = 2147483647;
			files = (
				F871B7B82D2140E2002E59A5 /* main.cpp in Sources */,
			);
			runOnlyForDeploymentPostprocessing = 0;
		};
		F89C48EE2D2BF08A00B95ACE /* Sources */ = {
			isa = PBXSourcesBuildPhase;
			buildActionMask = 2147483647;
			files = (
				F89C48F52D2BF08A00B95ACE /* main.cpp in Sources */,
			);
			runOnlyForDeploymentPostprocessing = 0;
		};
		F89EFDED2D28D67A009A3DF7 /* Sources */ = {
			isa = PBXSourcesBuildPhase;
			buildActionMask = 2147483647;
			files = (
				F89EFDF42D28D67A009A3DF7 /* main.cpp in Sources */,
			);
			runOnlyForDeploymentPostprocessing = 0;
		};
		F89EFDF82D2AA886009A3DF7 /* Sources */ = {
			isa = PBXSourcesBuildPhase;
			buildActionMask = 2147483647;
			files = (
				F89EFDFF2D2AA887009A3DF7 /* main.cpp in Sources */,
			);
			runOnlyForDeploymentPostprocessing = 0;
		};
		F8FA46F42CDF750200E796C1 /* Sources */ = {
			isa = PBXSourcesBuildPhase;
			buildActionMask = 2147483647;
			files = (
				F8E50E582CE4A026002468A1 /* main.cpp in Sources */,
			);
			runOnlyForDeploymentPostprocessing = 0;
		};
/* End PBXSourcesBuildPhase section */

/* Begin XCBuildConfiguration section */
		F814BBEF2D201044005CEA40 /* Debug */ = {
			isa = XCBuildConfiguration;
			buildSettings = {
				CODE_SIGN_STYLE = Automatic;
				DEVELOPMENT_TEAM = B5C2DGSGVE;
				ENABLE_HARDENED_RUNTIME = YES;
				PRODUCT_NAME = "$(TARGET_NAME)";
			};
			name = Debug;
		};
		F814BBF02D201044005CEA40 /* Release */ = {
			isa = XCBuildConfiguration;
			buildSettings = {
				CODE_SIGN_STYLE = Automatic;
				DEVELOPMENT_TEAM = B5C2DGSGVE;
				ENABLE_HARDENED_RUNTIME = YES;
				PRODUCT_NAME = "$(TARGET_NAME)";
			};
			name = Release;
		};
		F814BBFC2D2016C1005CEA40 /* Debug */ = {
			isa = XCBuildConfiguration;
			buildSettings = {
				CODE_SIGN_STYLE = Automatic;
				DEVELOPMENT_TEAM = B5C2DGSGVE;
				ENABLE_HARDENED_RUNTIME = YES;
				PRODUCT_NAME = "$(TARGET_NAME)";
			};
			name = Debug;
		};
		F814BBFD2D2016C1005CEA40 /* Release */ = {
			isa = XCBuildConfiguration;
			buildSettings = {
				CODE_SIGN_STYLE = Automatic;
				DEVELOPMENT_TEAM = B5C2DGSGVE;
				ENABLE_HARDENED_RUNTIME = YES;
				PRODUCT_NAME = "$(TARGET_NAME)";
			};
			name = Release;
		};
		F83B7CFE2D23891B006B32AC /* Debug */ = {
			isa = XCBuildConfiguration;
			buildSettings = {
				CODE_SIGN_STYLE = Automatic;
				DEVELOPMENT_TEAM = B5C2DGSGVE;
				ENABLE_HARDENED_RUNTIME = YES;
				PRODUCT_NAME = "$(TARGET_NAME)";
			};
			name = Debug;
		};
		F83B7CFF2D23891B006B32AC /* Release */ = {
			isa = XCBuildConfiguration;
			buildSettings = {
				CODE_SIGN_STYLE = Automatic;
				DEVELOPMENT_TEAM = B5C2DGSGVE;
				ENABLE_HARDENED_RUNTIME = YES;
				PRODUCT_NAME = "$(TARGET_NAME)";
			};
			name = Release;
		};
		F83B7D0A2D2571FD006B32AC /* Debug */ = {
			isa = XCBuildConfiguration;
			buildSettings = {
				CODE_SIGN_STYLE = Automatic;
				DEVELOPMENT_TEAM = B5C2DGSGVE;
				ENABLE_HARDENED_RUNTIME = YES;
				PRODUCT_NAME = "$(TARGET_NAME)";
			};
			name = Debug;
		};
		F83B7D0B2D2571FD006B32AC /* Release */ = {
			isa = XCBuildConfiguration;
			buildSettings = {
				CODE_SIGN_STYLE = Automatic;
				DEVELOPMENT_TEAM = B5C2DGSGVE;
				ENABLE_HARDENED_RUNTIME = YES;
				PRODUCT_NAME = "$(TARGET_NAME)";
			};
			name = Release;
		};
		F862BB372D28107F00316565 /* Debug */ = {
			isa = XCBuildConfiguration;
			buildSettings = {
				CODE_SIGN_STYLE = Automatic;
				DEVELOPMENT_TEAM = B5C2DGSGVE;
				ENABLE_HARDENED_RUNTIME = YES;
				PRODUCT_NAME = "$(TARGET_NAME)";
			};
			name = Debug;
		};
		F862BB382D28107F00316565 /* Release */ = {
			isa = XCBuildConfiguration;
			buildSettings = {
				CODE_SIGN_STYLE = Automatic;
				DEVELOPMENT_TEAM = B5C2DGSGVE;
				ENABLE_HARDENED_RUNTIME = YES;
				PRODUCT_NAME = "$(TARGET_NAME)";
			};
			name = Release;
		};
		F871B7AE2D21348F002E59A5 /* Debug */ = {
			isa = XCBuildConfiguration;
			buildSettings = {
				CODE_SIGN_STYLE = Automatic;
				DEVELOPMENT_TEAM = B5C2DGSGVE;
				ENABLE_HARDENED_RUNTIME = YES;
				PRODUCT_NAME = "$(TARGET_NAME)";
			};
			name = Debug;
		};
		F871B7AF2D21348F002E59A5 /* Release */ = {
			isa = XCBuildConfiguration;
			buildSettings = {
				CODE_SIGN_STYLE = Automatic;
				DEVELOPMENT_TEAM = B5C2DGSGVE;
				ENABLE_HARDENED_RUNTIME = YES;
				PRODUCT_NAME = "$(TARGET_NAME)";
			};
			name = Release;
		};
		F871B7BA2D2140E2002E59A5 /* Debug */ = {
			isa = XCBuildConfiguration;
			buildSettings = {
				CLANG_CXX_LANGUAGE_STANDARD = "gnu++17";
				CODE_SIGN_STYLE = Automatic;
				DEVELOPMENT_TEAM = B5C2DGSGVE;
				ENABLE_HARDENED_RUNTIME = YES;
				PRODUCT_NAME = "$(TARGET_NAME)";
			};
			name = Debug;
		};
		F871B7BB2D2140E2002E59A5 /* Release */ = {
			isa = XCBuildConfiguration;
			buildSettings = {
				CLANG_CXX_LANGUAGE_STANDARD = "gnu++17";
				CODE_SIGN_STYLE = Automatic;
				DEVELOPMENT_TEAM = B5C2DGSGVE;
				ENABLE_HARDENED_RUNTIME = YES;
				PRODUCT_NAME = "$(TARGET_NAME)";
			};
			name = Release;
		};
		F89C48F62D2BF08A00B95ACE /* Debug */ = {
			isa = XCBuildConfiguration;
			buildSettings = {
				CODE_SIGN_STYLE = Automatic;
				DEVELOPMENT_TEAM = B5C2DGSGVE;
				ENABLE_HARDENED_RUNTIME = YES;
				PRODUCT_NAME = "$(TARGET_NAME)";
			};
			name = Debug;
		};
		F89C48F72D2BF08A00B95ACE /* Release */ = {
			isa = XCBuildConfiguration;
			buildSettings = {
				CODE_SIGN_STYLE = Automatic;
				DEVELOPMENT_TEAM = B5C2DGSGVE;
				ENABLE_HARDENED_RUNTIME = YES;
				PRODUCT_NAME = "$(TARGET_NAME)";
			};
			name = Release;
		};
		F89EFDF52D28D67A009A3DF7 /* Debug */ = {
			isa = XCBuildConfiguration;
			buildSettings = {
				CODE_SIGN_STYLE = Automatic;
				DEVELOPMENT_TEAM = B5C2DGSGVE;
				ENABLE_HARDENED_RUNTIME = YES;
				PRODUCT_NAME = "$(TARGET_NAME)";
			};
			name = Debug;
		};
		F89EFDF62D28D67A009A3DF7 /* Release */ = {
			isa = XCBuildConfiguration;
			buildSettings = {
				CODE_SIGN_STYLE = Automatic;
				DEVELOPMENT_TEAM = B5C2DGSGVE;
				ENABLE_HARDENED_RUNTIME = YES;
				PRODUCT_NAME = "$(TARGET_NAME)";
			};
			name = Release;
		};
		F89EFE012D2AA887009A3DF7 /* Debug */ = {
			isa = XCBuildConfiguration;
			buildSettings = {
				CODE_SIGN_STYLE = Automatic;
				DEVELOPMENT_TEAM = B5C2DGSGVE;
				ENABLE_HARDENED_RUNTIME = YES;
				PRODUCT_NAME = "$(TARGET_NAME)";
			};
			name = Debug;
		};
		F89EFE022D2AA887009A3DF7 /* Release */ = {
			isa = XCBuildConfiguration;
			buildSettings = {
				CODE_SIGN_STYLE = Automatic;
				DEVELOPMENT_TEAM = B5C2DGSGVE;
				ENABLE_HARDENED_RUNTIME = YES;
				PRODUCT_NAME = "$(TARGET_NAME)";
			};
			name = Release;
		};
		F8FA46FD2CDF750200E796C1 /* Debug */ = {
			isa = XCBuildConfiguration;
			buildSettings = {
				ALWAYS_SEARCH_USER_PATHS = NO;
				CLANG_ANALYZER_NONNULL = YES;
				CLANG_ANALYZER_NUMBER_OBJECT_CONVERSION = YES_AGGRESSIVE;
				CLANG_CXX_LANGUAGE_STANDARD = "gnu++17";
				CLANG_ENABLE_MODULES = YES;
				CLANG_ENABLE_OBJC_ARC = YES;
				CLANG_ENABLE_OBJC_WEAK = YES;
				CLANG_WARN_BLOCK_CAPTURE_AUTORELEASING = YES;
				CLANG_WARN_BOOL_CONVERSION = YES;
				CLANG_WARN_COMMA = YES;
				CLANG_WARN_CONSTANT_CONVERSION = YES;
				CLANG_WARN_DEPRECATED_OBJC_IMPLEMENTATIONS = YES;
				CLANG_WARN_DIRECT_OBJC_ISA_USAGE = YES_ERROR;
				CLANG_WARN_DOCUMENTATION_COMMENTS = YES;
				CLANG_WARN_EMPTY_BODY = YES;
				CLANG_WARN_ENUM_CONVERSION = YES;
				CLANG_WARN_INFINITE_RECURSION = YES;
				CLANG_WARN_INT_CONVERSION = YES;
				CLANG_WARN_NON_LITERAL_NULL_CONVERSION = YES;
				CLANG_WARN_OBJC_IMPLICIT_RETAIN_SELF = YES;
				CLANG_WARN_OBJC_LITERAL_CONVERSION = YES;
				CLANG_WARN_OBJC_ROOT_CLASS = YES_ERROR;
				CLANG_WARN_QUOTED_INCLUDE_IN_FRAMEWORK_HEADER = YES;
				CLANG_WARN_RANGE_LOOP_ANALYSIS = YES;
				CLANG_WARN_STRICT_PROTOTYPES = YES;
				CLANG_WARN_SUSPICIOUS_MOVE = YES;
				CLANG_WARN_UNGUARDED_AVAILABILITY = YES_AGGRESSIVE;
				CLANG_WARN_UNREACHABLE_CODE = YES;
				CLANG_WARN__DUPLICATE_METHOD_MATCH = YES;
				COPY_PHASE_STRIP = NO;
				DEBUG_INFORMATION_FORMAT = dwarf;
				ENABLE_STRICT_OBJC_MSGSEND = YES;
				ENABLE_TESTABILITY = YES;
				GCC_C_LANGUAGE_STANDARD = gnu11;
				GCC_DYNAMIC_NO_PIC = NO;
				GCC_NO_COMMON_BLOCKS = YES;
				GCC_OPTIMIZATION_LEVEL = 0;
				GCC_PREPROCESSOR_DEFINITIONS = (
					"DEBUG=1",
					"$(inherited)",
				);
				GCC_WARN_64_TO_32_BIT_CONVERSION = YES;
				GCC_WARN_ABOUT_RETURN_TYPE = YES_ERROR;
				GCC_WARN_UNDECLARED_SELECTOR = YES;
				GCC_WARN_UNINITIALIZED_AUTOS = YES_AGGRESSIVE;
				GCC_WARN_UNUSED_FUNCTION = YES;
				GCC_WARN_UNUSED_VARIABLE = YES;
				MACOSX_DEPLOYMENT_TARGET = 12.3;
				MTL_ENABLE_DEBUG_INFO = INCLUDE_SOURCE;
				MTL_FAST_MATH = YES;
				ONLY_ACTIVE_ARCH = YES;
				SDKROOT = macosx;
			};
			name = Debug;
		};
		F8FA46FE2CDF750200E796C1 /* Release */ = {
			isa = XCBuildConfiguration;
			buildSettings = {
				ALWAYS_SEARCH_USER_PATHS = NO;
				CLANG_ANALYZER_NONNULL = YES;
				CLANG_ANALYZER_NUMBER_OBJECT_CONVERSION = YES_AGGRESSIVE;
				CLANG_CXX_LANGUAGE_STANDARD = "gnu++17";
				CLANG_ENABLE_MODULES = YES;
				CLANG_ENABLE_OBJC_ARC = YES;
				CLANG_ENABLE_OBJC_WEAK = YES;
				CLANG_WARN_BLOCK_CAPTURE_AUTORELEASING = YES;
				CLANG_WARN_BOOL_CONVERSION = YES;
				CLANG_WARN_COMMA = YES;
				CLANG_WARN_CONSTANT_CONVERSION = YES;
				CLANG_WARN_DEPRECATED_OBJC_IMPLEMENTATIONS = YES;
				CLANG_WARN_DIRECT_OBJC_ISA_USAGE = YES_ERROR;
				CLANG_WARN_DOCUMENTATION_COMMENTS = YES;
				CLANG_WARN_EMPTY_BODY = YES;
				CLANG_WARN_ENUM_CONVERSION = YES;
				CLANG_WARN_INFINITE_RECURSION = YES;
				CLANG_WARN_INT_CONVERSION = YES;
				CLANG_WARN_NON_LITERAL_NULL_CONVERSION = YES;
				CLANG_WARN_OBJC_IMPLICIT_RETAIN_SELF = YES;
				CLANG_WARN_OBJC_LITERAL_CONVERSION = YES;
				CLANG_WARN_OBJC_ROOT_CLASS = YES_ERROR;
				CLANG_WARN_QUOTED_INCLUDE_IN_FRAMEWORK_HEADER = YES;
				CLANG_WARN_RANGE_LOOP_ANALYSIS = YES;
				CLANG_WARN_STRICT_PROTOTYPES = YES;
				CLANG_WARN_SUSPICIOUS_MOVE = YES;
				CLANG_WARN_UNGUARDED_AVAILABILITY = YES_AGGRESSIVE;
				CLANG_WARN_UNREACHABLE_CODE = YES;
				CLANG_WARN__DUPLICATE_METHOD_MATCH = YES;
				COPY_PHASE_STRIP = NO;
				DEBUG_INFORMATION_FORMAT = "dwarf-with-dsym";
				ENABLE_NS_ASSERTIONS = NO;
				ENABLE_STRICT_OBJC_MSGSEND = YES;
				GCC_C_LANGUAGE_STANDARD = gnu11;
				GCC_NO_COMMON_BLOCKS = YES;
				GCC_WARN_64_TO_32_BIT_CONVERSION = YES;
				GCC_WARN_ABOUT_RETURN_TYPE = YES_ERROR;
				GCC_WARN_UNDECLARED_SELECTOR = YES;
				GCC_WARN_UNINITIALIZED_AUTOS = YES_AGGRESSIVE;
				GCC_WARN_UNUSED_FUNCTION = YES;
				GCC_WARN_UNUSED_VARIABLE = YES;
				MACOSX_DEPLOYMENT_TARGET = 12.3;
				MTL_ENABLE_DEBUG_INFO = NO;
				MTL_FAST_MATH = YES;
				SDKROOT = macosx;
			};
			name = Release;
		};
		F8FA47002CDF750200E796C1 /* Debug */ = {
			isa = XCBuildConfiguration;
			buildSettings = {
				CODE_SIGN_STYLE = Automatic;
				DEVELOPMENT_TEAM = B5C2DGSGVE;
				ENABLE_HARDENED_RUNTIME = YES;
				PRODUCT_NAME = "$(TARGET_NAME)";
			};
			name = Debug;
		};
		F8FA47012CDF750200E796C1 /* Release */ = {
			isa = XCBuildConfiguration;
			buildSettings = {
				CODE_SIGN_STYLE = Automatic;
				DEVELOPMENT_TEAM = B5C2DGSGVE;
				ENABLE_HARDENED_RUNTIME = YES;
				PRODUCT_NAME = "$(TARGET_NAME)";
			};
			name = Release;
		};
/* End XCBuildConfiguration section */

/* Begin XCConfigurationList section */
		F814BBF12D201044005CEA40 /* Build configuration list for PBXNativeTarget "main1" */ = {
			isa = XCConfigurationList;
			buildConfigurations = (
				F814BBEF2D201044005CEA40 /* Debug */,
				F814BBF02D201044005CEA40 /* Release */,
			);
			defaultConfigurationIsVisible = 0;
			defaultConfigurationName = Release;
		};
		F814BBFB2D2016C1005CEA40 /* Build configuration list for PBXNativeTarget "main2" */ = {
			isa = XCConfigurationList;
			buildConfigurations = (
				F814BBFC2D2016C1005CEA40 /* Debug */,
				F814BBFD2D2016C1005CEA40 /* Release */,
			);
			defaultConfigurationIsVisible = 0;
			defaultConfigurationName = Release;
		};
		F83B7D002D23891B006B32AC /* Build configuration list for PBXNativeTarget "sort" */ = {
			isa = XCConfigurationList;
			buildConfigurations = (
				F83B7CFE2D23891B006B32AC /* Debug */,
				F83B7CFF2D23891B006B32AC /* Release */,
			);
			defaultConfigurationIsVisible = 0;
			defaultConfigurationName = Release;
		};
		F83B7D092D2571FD006B32AC /* Build configuration list for PBXNativeTarget "student" */ = {
			isa = XCConfigurationList;
			buildConfigurations = (
				F83B7D0A2D2571FD006B32AC /* Debug */,
				F83B7D0B2D2571FD006B32AC /* Release */,
			);
			defaultConfigurationIsVisible = 0;
			defaultConfigurationName = Release;
		};
		F862BB392D28107F00316565 /* Build configuration list for PBXNativeTarget "linklist" */ = {
			isa = XCConfigurationList;
			buildConfigurations = (
				F862BB372D28107F00316565 /* Debug */,
				F862BB382D28107F00316565 /* Release */,
			);
			defaultConfigurationIsVisible = 0;
			defaultConfigurationName = Release;
		};
		F871B7B02D21348F002E59A5 /* Build configuration list for PBXNativeTarget "main3" */ = {
			isa = XCConfigurationList;
			buildConfigurations = (
				F871B7AE2D21348F002E59A5 /* Debug */,
				F871B7AF2D21348F002E59A5 /* Release */,
			);
			defaultConfigurationIsVisible = 0;
			defaultConfigurationName = Release;
		};
		F871B7B92D2140E2002E59A5 /* Build configuration list for PBXNativeTarget "main4" */ = {
			isa = XCConfigurationList;
			buildConfigurations = (
				F871B7BA2D2140E2002E59A5 /* Debug */,
				F871B7BB2D2140E2002E59A5 /* Release */,
			);
			defaultConfigurationIsVisible = 0;
			defaultConfigurationName = Release;
		};
		F89C48F82D2BF08A00B95ACE /* Build configuration list for PBXNativeTarget "circleLink" */ = {
			isa = XCConfigurationList;
			buildConfigurations = (
				F89C48F62D2BF08A00B95ACE /* Debug */,
				F89C48F72D2BF08A00B95ACE /* Release */,
			);
			defaultConfigurationIsVisible = 0;
			defaultConfigurationName = Release;
		};
		F89EFDF72D28D67A009A3DF7 /* Build configuration list for PBXNativeTarget "doublelink" */ = {
			isa = XCConfigurationList;
			buildConfigurations = (
				F89EFDF52D28D67A009A3DF7 /* Debug */,
				F89EFDF62D28D67A009A3DF7 /* Release */,
			);
			defaultConfigurationIsVisible = 0;
			defaultConfigurationName = Release;
		};
		F89EFE002D2AA887009A3DF7 /* Build configuration list for PBXNativeTarget "linkMerge" */ = {
			isa = XCConfigurationList;
			buildConfigurations = (
				F89EFE012D2AA887009A3DF7 /* Debug */,
				F89EFE022D2AA887009A3DF7 /* Release */,
			);
			defaultConfigurationIsVisible = 0;
			defaultConfigurationName = Release;
		};
		F8FA46F32CDF750200E796C1 /* Build configuration list for PBXProject "cppSubject" */ = {
			isa = XCConfigurationList;
			buildConfigurations = (
				F8FA46FD2CDF750200E796C1 /* Debug */,
				F8FA46FE2CDF750200E796C1 /* Release */,
			);
			defaultConfigurationIsVisible = 0;
			defaultConfigurationName = Release;
		};
		F8FA46FF2CDF750200E796C1 /* Build configuration list for PBXNativeTarget "cppSubject" */ = {
			isa = XCConfigurationList;
			buildConfigurations = (
				F8FA47002CDF750200E796C1 /* Debug */,
				F8FA47012CDF750200E796C1 /* Release */,
			);
			defaultConfigurationIsVisible = 0;
			defaultConfigurationName = Release;
		};
/* End XCConfigurationList section */
	};
	rootObject = F8FA46F02CDF750200E796C1 /* Project object */;
}
